
Microsoft Visual Studio Solution File, Format Version 12.00
# Visual Studio Version 17
VisualStudioVersion = 17.5.33530.505
MinimumVisualStudioVersion = 10.0.40219.1
Project("{FAE04EC0-301F-11D3-BF4B-00C04F79EFBC}") = "BinaryString", "BinaryString.csproj", "{5E29A905-5C09-4FC4-855E-B07CB2DB6543}"
EndProject
Global
	GlobalSection(SolutionConfigurationPlatforms) = preSolution
		Debug|Any CPU = Debug|Any CPU
		Release|Any CPU = Release|Any CPU
	EndGlobalSection
	GlobalSection(ProjectConfigurationPlatforms) = postSolution
		{5E29A905-5C09-4FC4-855E-B07CB2DB6543}.Debug|Any CPU.ActiveCfg = Debug|Any CPU
		{5E29A905-5C09-4FC4-855E-B07CB2DB6543}.Debug|Any CPU.Build.0 = Debug|Any CPU
		{5E29A905-5C09-4FC4-855E-B07CB2DB6543}.Release|Any CPU.ActiveCfg = Release|Any CPU
		{5E29A905-5C09-4FC4-855E-B07CB2DB6543}.Release|Any CPU.Build.0 = Release|Any CPU
	EndGlobalSection
	GlobalSection(SolutionProperties) = preSolution
		HideSolutionNode = FALSE
	EndGlobalSection
	GlobalSection(ExtensibilityGlobals) = postSolution
		SolutionGuid = {6C37F32F-7271-4CD4-ACCC-B706239545E2}
	EndGlobalSection
EndGlobal
